
Microsoft Visual Studio Solution File, Format Version 12.00
# Visual Studio Version 17
VisualStudioVersion = 17.0.31903.59
MinimumVisualStudioVersion = 10.0.40219.1
Project("{2150E333-8FDC-42A3-9474-1A3956D46DE8}") = "src", "src", "{827E0CD3-B72D-47B6-A68D-7590B98EB39B}"
EndProject
Project("{FAE04EC0-301F-11D3-BF4B-00C04F79EFBC}") = "ChatApp.API", "src\ChatApp.API\ChatApp.API.csproj", "{50254F73-E14A-40A1-A6F5-BB55ECDB12EF}"
EndProject
Project("{FAE04EC0-301F-11D3-BF4B-00C04F79EFBC}") = "ChatApp.Application", "src\ChatApp.Application\ChatApp.Application.csproj", "{78917DD6-375A-413F-9AC7-93FF98DC9302}"
EndProject
Project("{FAE04EC0-301F-11D3-BF4B-00C04F79EFBC}") = "ChatApp.Domain", "src\ChatApp.Domain\ChatApp.Domain.csproj", "{3D749AE0-DB99-4BC8-BB13-BF23A8246CC3}"
EndProject
Project("{FAE04EC0-301F-11D3-BF4B-00C04F79EFBC}") = "ChatApp.Infrastructure", "src\ChatApp.Infrastructure\ChatApp.Infrastructure.csproj", "{20BF9D9B-C4CC-4AFF-83BD-256B4D0E5325}"
EndProject
Global
	GlobalSection(SolutionConfigurationPlatforms) = preSolution
		Debug|Any CPU = Debug|Any CPU
		Debug|x64 = Debug|x64
		Debug|x86 = Debug|x86
		Release|Any CPU = Release|Any CPU
		Release|x64 = Release|x64
		Release|x86 = Release|x86
	EndGlobalSection
	GlobalSection(ProjectConfigurationPlatforms) = postSolution
		{50254F73-E14A-40A1-A6F5-BB55ECDB12EF}.Debug|Any CPU.ActiveCfg = Debug|Any CPU
		{50254F73-E14A-40A1-A6F5-BB55ECDB12EF}.Debug|Any CPU.Build.0 = Debug|Any CPU
		{50254F73-E14A-40A1-A6F5-BB55ECDB12EF}.Debug|x64.ActiveCfg = Debug|Any CPU
		{50254F73-E14A-40A1-A6F5-BB55ECDB12EF}.Debug|x64.Build.0 = Debug|Any CPU
		{50254F73-E14A-40A1-A6F5-BB55ECDB12EF}.Debug|x86.ActiveCfg = Debug|Any CPU
		{50254F73-E14A-40A1-A6F5-BB55ECDB12EF}.Debug|x86.Build.0 = Debug|Any CPU
		{50254F73-E14A-40A1-A6F5-BB55ECDB12EF}.Release|Any CPU.ActiveCfg = Release|Any CPU
		{50254F73-E14A-40A1-A6F5-BB55ECDB12EF}.Release|Any CPU.Build.0 = Release|Any CPU
		{50254F73-E14A-40A1-A6F5-BB55ECDB12EF}.Release|x64.ActiveCfg = Release|Any CPU
		{50254F73-E14A-40A1-A6F5-BB55ECDB12EF}.Release|x64.Build.0 = Release|Any CPU
		{50254F73-E14A-40A1-A6F5-BB55ECDB12EF}.Release|x86.ActiveCfg = Release|Any CPU
		{50254F73-E14A-40A1-A6F5-BB55ECDB12EF}.Release|x86.Build.0 = Release|Any CPU
		{78917DD6-375A-413F-9AC7-93FF98DC9302}.Debug|Any CPU.ActiveCfg = Debug|Any CPU
		{78917DD6-375A-413F-9AC7-93FF98DC9302}.Debug|Any CPU.Build.0 = Debug|Any CPU
		{78917DD6-375A-413F-9AC7-93FF98DC9302}.Debug|x64.ActiveCfg = Debug|Any CPU
		{78917DD6-375A-413F-9AC7-93FF98DC9302}.Debug|x64.Build.0 = Debug|Any CPU
		{78917DD6-375A-413F-9AC7-93FF98DC9302}.Debug|x86.ActiveCfg = Debug|Any CPU
		{78917DD6-375A-413F-9AC7-93FF98DC9302}.Debug|x86.Build.0 = Debug|Any CPU
		{78917DD6-375A-413F-9AC7-93FF98DC9302}.Release|Any CPU.ActiveCfg = Release|Any CPU
		{78917DD6-375A-413F-9AC7-93FF98DC9302}.Release|Any CPU.Build.0 = Release|Any CPU
		{78917DD6-375A-413F-9AC7-93FF98DC9302}.Release|x64.ActiveCfg = Release|Any CPU
		{78917DD6-375A-413F-9AC7-93FF98DC9302}.Release|x64.Build.0 = Release|Any CPU
		{78917DD6-375A-413F-9AC7-93FF98DC9302}.Release|x86.ActiveCfg = Release|Any CPU
		{78917DD6-375A-413F-9AC7-93FF98DC9302}.Release|x86.Build.0 = Release|Any CPU
		{3D749AE0-DB99-4BC8-BB13-BF23A8246CC3}.Debug|Any CPU.ActiveCfg = Debug|Any CPU
		{3D749AE0-DB99-4BC8-BB13-BF23A8246CC3}.Debug|Any CPU.Build.0 = Debug|Any CPU
		{3D749AE0-DB99-4BC8-BB13-BF23A8246CC3}.Debug|x64.ActiveCfg = Debug|Any CPU
		{3D749AE0-DB99-4BC8-BB13-BF23A8246CC3}.Debug|x64.Build.0 = Debug|Any CPU
		{3D749AE0-DB99-4BC8-BB13-BF23A8246CC3}.Debug|x86.ActiveCfg = Debug|Any CPU
		{3D749AE0-DB99-4BC8-BB13-BF23A8246CC3}.Debug|x86.Build.0 = Debug|Any CPU
		{3D749AE0-DB99-4BC8-BB13-BF23A8246CC3}.Release|Any CPU.ActiveCfg = Release|Any CPU
		{3D749AE0-DB99-4BC8-BB13-BF23A8246CC3}.Release|Any CPU.Build.0 = Release|Any CPU
		{3D749AE0-DB99-4BC8-BB13-BF23A8246CC3}.Release|x64.ActiveCfg = Release|Any CPU
		{3D749AE0-DB99-4BC8-BB13-BF23A8246CC3}.Release|x64.Build.0 = Release|Any CPU
		{3D749AE0-DB99-4BC8-BB13-BF23A8246CC3}.Release|x86.ActiveCfg = Release|Any CPU
		{3D749AE0-DB99-4BC8-BB13-BF23A8246CC3}.Release|x86.Build.0 = Release|Any CPU
		{20BF9D9B-C4CC-4AFF-83BD-256B4D0E5325}.Debug|Any CPU.ActiveCfg = Debug|Any CPU
		{20BF9D9B-C4CC-4AFF-83BD-256B4D0E5325}.Debug|Any CPU.Build.0 = Debug|Any CPU
		{20BF9D9B-C4CC-4AFF-83BD-256B4D0E5325}.Debug|x64.ActiveCfg = Debug|Any CPU
		{20BF9D9B-C4CC-4AFF-83BD-256B4D0E5325}.Debug|x64.Build.0 = Debug|Any CPU
		{20BF9D9B-C4CC-4AFF-83BD-256B4D0E5325}.Debug|x86.ActiveCfg = Debug|Any CPU
		{20BF9D9B-C4CC-4AFF-83BD-256B4D0E5325}.Debug|x86.Build.0 = Debug|Any CPU
		{20BF9D9B-C4CC-4AFF-83BD-256B4D0E5325}.Release|Any CPU.ActiveCfg = Release|Any CPU
		{20BF9D9B-C4CC-4AFF-83BD-256B4D0E5325}.Release|Any CPU.Build.0 = Release|Any CPU
		{20BF9D9B-C4CC-4AFF-83BD-256B4D0E5325}.Release|x64.ActiveCfg = Release|Any CPU
		{20BF9D9B-C4CC-4AFF-83BD-256B4D0E5325}.Release|x64.Build.0 = Release|Any CPU
		{20BF9D9B-C4CC-4AFF-83BD-256B4D0E5325}.Release|x86.ActiveCfg = Release|Any CPU
		{20BF9D9B-C4CC-4AFF-83BD-256B4D0E5325}.Release|x86.Build.0 = Release|Any CPU
	EndGlobalSection
	GlobalSection(SolutionProperties) = preSolution
		HideSolutionNode = FALSE
	EndGlobalSection
	GlobalSection(NestedProjects) = preSolution
		{50254F73-E14A-40A1-A6F5-BB55ECDB12EF} = {827E0CD3-B72D-47B6-A68D-7590B98EB39B}
		{78917DD6-375A-413F-9AC7-93FF98DC9302} = {827E0CD3-B72D-47B6-A68D-7590B98EB39B}
		{3D749AE0-DB99-4BC8-BB13-BF23A8246CC3} = {827E0CD3-B72D-47B6-A68D-7590B98EB39B}
		{20BF9D9B-C4CC-4AFF-83BD-256B4D0E5325} = {827E0CD3-B72D-47B6-A68D-7590B98EB39B}
	EndGlobalSection
EndGlobal
